// !$*UTF8*$!
{
	archiveVersion = 1;
	classes = {
	};
	objectVersion = 77;
	objects = {

/* Begin PBXBuildFile section */
		15388BA32F8C99AE000A024E /* ActivityTracker2App.swift in Sources */ = {isa = PBXBuildFile; fileRef = 15388BA22F8C99AE000A024E /* ActivityTracker2App.swift */; };
		15388BA52F8C99AE000A024E /* ContentView.swift in Sources */ = {isa = PBXBuildFile; fileRef = 15388BA42F8C99AE000A024E /* ContentView.swift */; };
		15388BB92F8CA489000A024E /* Extensions.swift in Sources */ = {isa = PBXBuildFile; fileRef = 15388BB82F8CA489000A024E /* Extensions.swift */; };
		15388BBA2F8CA489000A024E /* AppConstants.swift in Sources */ = {isa = PBXBuildFile; fileRef = 15388BB72F8CA489000A024E /* AppConstants.swift */; };
		15388C052F8CE01C000A024E /* MiniMapView.swift in Sources */ = {isa = PBXBuildFile; fileRef = 15388C022F8CDE83000A024E /* MiniMapView.swift */; };
		15388C062F8CE038000A024E /* PlusBadge.swift in Sources */ = {isa = PBXBuildFile; fileRef = 15388C032F8CDE83000A024E /* PlusBadge.swift */; };
		15388C072F8CE048000A024E /* FilterStatusBanner.swift in Sources */ = {isa = PBXBuildFile; fileRef = 15388C002F8CDE83000A024E /* FilterStatusBanner.swift */; };
		15388C082F8CE05C000A024E /* ActivityCardView.swift in Sources */ = {isa = PBXBuildFile; fileRef = 15388BF92F8CDE83000A024E /* ActivityCardView.swift */; };
		15388C092F8CF000000A024E /* Activity.swift in Sources */ = {isa = PBXBuildFile; fileRef = 15388BBB2F8CA71C000A024E /* Activity.swift */; };
		15388C0A2F8CF001000A024E /* AnalyticsEvent.swift in Sources */ = {isa = PBXBuildFile; fileRef = 15388BBC2F8CA71C000A024E /* AnalyticsEvent.swift */; };
		15388C0B2F8CF002000A024E /* AppError.swift in Sources */ = {isa = PBXBuildFile; fileRef = 15388BBD2F8CA71C000A024E /* AppError.swift */; };
		15388C0C2F8CF003000A024E /* Category.swift in Sources */ = {isa = PBXBuildFile; fileRef = 15388BBE2F8CA71C000A024E /* Category.swift */; };
		15388C0D2F8CF004000A024E /* Location.swift in Sources */ = {isa = PBXBuildFile; fileRef = 15388BBF2F8CA71C000A024E /* Location.swift */; };
		15388C0E2F8CF005000A024E /* SubscriptionStatus.swift in Sources */ = {isa = PBXBuildFile; fileRef = 15388BC02F8CA71C000A024E /* SubscriptionStatus.swift */; };
		15388C0F2F8CF006000A024E /* UserSettings.swift in Sources */ = {isa = PBXBuildFile; fileRef = 15388BC12F8CA71C000A024E /* UserSettings.swift */; };
		15388C102F8CF007000A024E /* AnalyticsManager.swift in Sources */ = {isa = PBXBuildFile; fileRef = 15388BC22F8CC90B000A024E /* AnalyticsManager.swift */; };
		15388C112F8CF008000A024E /* GeocodeManager.swift in Sources */ = {isa = PBXBuildFile; fileRef = 15388BC32F8CC90B000A024E /* GeocodeManager.swift */; };
		15388C122F8CF009000A024E /* HapticManager.swift in Sources */ = {isa = PBXBuildFile; fileRef = 15388BC42F8CC90B000A024E /* HapticManager.swift */; };
		15388C132F8CF00A000A024E /* LanguageManager.swift in Sources */ = {isa = PBXBuildFile; fileRef = 15388BC52F8CC90B000A024E /* LanguageManager.swift */; };
		15388C142F8CF00B000A024E /* LocationManager.swift in Sources */ = {isa = PBXBuildFile; fileRef = 15388BC62F8CC90B000A024E /* LocationManager.swift */; };
		15388C152F8CF00C000A024E /* StoreKitManager.swift in Sources */ = {isa = PBXBuildFile; fileRef = 15388BC72F8CC90B000A024E /* StoreKitManager.swift */; };
		15388C162F8CF00D000A024E /* ActivityViewModel.swift in Sources */ = {isa = PBXBuildFile; fileRef = 15388BC82F8CCE91000A024E /* ActivityViewModel.swift */; };
		15388C172F8CF00E000A024E /* AddActivityViewModel.swift in Sources */ = {isa = PBXBuildFile; fileRef = 15388BC92F8CCE91000A024E /* AddActivityViewModel.swift */; };
		15388C182F8CF00F000A024E /* FilterViewModel.swift in Sources */ = {isa = PBXBuildFile; fileRef = 15388BCA2F8CCE91000A024E /* FilterViewModel.swift */; };
		15388C192F8CF010000A024E /* MapViewModel.swift in Sources */ = {isa = PBXBuildFile; fileRef = 15388BCB2F8CCE91000A024E /* MapViewModel.swift */; };
		15388C1A2F8CF011000A024E /* OnboardingViewModel.swift in Sources */ = {isa = PBXBuildFile; fileRef = 15388BCC2F8CCE91000A024E /* OnboardingViewModel.swift */; };
		15388C1B2F8CF012000A024E /* PlusViewModel.swift in Sources */ = {isa = PBXBuildFile; fileRef = 15388BCD2F8CCE91000A024E /* PlusViewModel.swift */; };
		15388C1C2F8CF013000A024E /* StatsViewModel.swift in Sources */ = {isa = PBXBuildFile; fileRef = 15388BCE2F8CCE91000A024E /* StatsViewModel.swift */; };
		15388C1D2F8CF014000A024E /* ActivityMapAnnotation.swift in Sources */ = {isa = PBXBuildFile; fileRef = 15388BFA2F8CDE83000A024E /* ActivityMapAnnotation.swift */; };
		15388C1E2F8CF015000A024E /* ActivityRowView.swift in Sources */ = {isa = PBXBuildFile; fileRef = 15388BFB2F8CDE83000A024E /* ActivityRowView.swift */; };
		15388C1F2F8CF016000A024E /* CategoryChipBar.swift in Sources */ = {isa = PBXBuildFile; fileRef = 15388BFC2F8CDE83000A024E /* CategoryChipBar.swift */; };
		15388C202F8CF017000A024E /* CategoryIconView.swift in Sources */ = {isa = PBXBuildFile; fileRef = 15388BFD2F8CDE83000A024E /* CategoryIconView.swift */; };
		15388C212F8CF018000A024E /* CategoryPickerGrid.swift in Sources */ = {isa = PBXBuildFile; fileRef = 15388BFE2F8CDE83000A024E /* CategoryPickerGrid.swift */; };
		15388C222F8CF019000A024E /* EmptyStateView.swift in Sources */ = {isa = PBXBuildFile; fileRef = 15388BFF2F8CDE83000A024E /* EmptyStateView.swift */; };
		15388C232F8CF01A000A024E /* FloatingPlusButton.swift in Sources */ = {isa = PBXBuildFile; fileRef = 15388C012F8CDE83000A024E /* FloatingPlusButton.swift */; };
		15388C242F8CF01B000A024E /* StatsSummaryCard.swift in Sources */ = {isa = PBXBuildFile; fileRef = 15388C042F8CDE83000A024E /* StatsSummaryCard.swift */; };
		15388C2A2F8CF01D000A024E /* MapScreen.swift in Sources */ = {isa = PBXBuildFile; fileRef = 15388C252F8CF01C000A024E /* MapScreen.swift */; };
		15388C2B2F8CF01F000A024E /* ListScreen.swift in Sources */ = {isa = PBXBuildFile; fileRef = 15388C262F8CF01E000A024E /* ListScreen.swift */; };
		15388C2C2F8CF021000A024E /* ActivityBottomSheet.swift in Sources */ = {isa = PBXBuildFile; fileRef = 15388C272F8CF020000A024E /* ActivityBottomSheet.swift */; };
		15388C2D2F8CF023000A024E /* StatsScreen.swift in Sources */ = {isa = PBXBuildFile; fileRef = 15388C282F8CF022000A024E /* StatsScreen.swift */; };
		15388C2E2F8CF025000A024E /* PlusScreen.swift in Sources */ = {isa = PBXBuildFile; fileRef = 15388C292F8CF024000A024E /* PlusScreen.swift */; };
		15388C362F8CF02D000A024E /* AddActivityCategoryScreen.swift in Sources */ = {isa = PBXBuildFile; fileRef = 15388C2F2F8CF026000A024E /* AddActivityCategoryScreen.swift */; };
		15388C372F8CF02E000A024E /* AddActivityLocationScreen.swift in Sources */ = {isa = PBXBuildFile; fileRef = 15388C302F8CF027000A024E /* AddActivityLocationScreen.swift */; };
		15388C382F8CF02F000A024E /* AddActivityTextScreen.swift in Sources */ = {isa = PBXBuildFile; fileRef = 15388C312F8CF028000A024E /* AddActivityTextScreen.swift */; };
		15388C392F8CF030000A024E /* ActivityDetailScreen.swift in Sources */ = {isa = PBXBuildFile; fileRef = 15388C322F8CF029000A024E /* ActivityDetailScreen.swift */; };
		15388C3A2F8CF031000A024E /* EditActivityScreen.swift in Sources */ = {isa = PBXBuildFile; fileRef = 15388C332F8CF02A000A024E /* EditActivityScreen.swift */; };
		15388C3B2F8CF032000A024E /* OnboardingScreen.swift in Sources */ = {isa = PBXBuildFile; fileRef = 15388C342F8CF02B000A024E /* OnboardingScreen.swift */; };
		15388C3C2F8CF033000A024E /* LocationPermissionDeniedScreen.swift in Sources */ = {isa = PBXBuildFile; fileRef = 15388C352F8CF02C000A024E /* LocationPermissionDeniedScreen.swift */; };
		15388C3E2F8CF035000A024E /* PreviewDataHelper.swift in Sources */ = {isa = PBXBuildFile; fileRef = 15388C3D2F8CF034000A024E /* PreviewDataHelper.swift */; };
		15388C402F8CF037000A024E /* PermanentBottomSheet.swift in Sources */ = {isa = PBXBuildFile; fileRef = 15388C3F2F8CF036000A024E /* PermanentBottomSheet.swift */; };
		15388C5B2F8CF051000A024E /* StarRatingView.swift in Sources */ = {isa = PBXBuildFile; fileRef = 15388C5A2F8CF050000A024E /* StarRatingView.swift */; };
		15388C5D2F8CF053000A024E /* SettingsScreen.swift in Sources */ = {isa = PBXBuildFile; fileRef = 15388C5C2F8CF052000A024E /* SettingsScreen.swift */; };
		15388C612F8CF061000A024E /* WelcomeOverlayView.swift in Sources */ = {isa = PBXBuildFile; fileRef = 15388C602F8CF060000A024E /* WelcomeOverlayView.swift */; };
		15388C722F918017000A024E /* LocationSearchManager.swift in Sources */ = {isa = PBXBuildFile; fileRef = 15388C712F918017000A024E /* LocationSearchManager.swift */; };
		15388CA62F92701D000A024E /* Algorithms in Frameworks */ = {isa = PBXBuildFile; productRef = 15388CA52F92701D000A024E /* Algorithms */; };
		15388CA92F9270BE000A024E /* TelemetryClient in Frameworks */ = {isa = PBXBuildFile; productRef = 15388CA82F9270BE000A024E /* TelemetryClient */; };
		15388CAB2F9270BE000A024E /* TelemetryDeck in Frameworks */ = {isa = PBXBuildFile; productRef = 15388CAA2F9270BE000A024E /* TelemetryDeck */; };
		15388CAD2F92C9F7000A024E /* StoreKit.storekit in Resources */ = {isa = PBXBuildFile; fileRef = 15388CAC2F92C9F7000A024E /* StoreKit.storekit */; };
		15388CC72F9619FA000A024E /* HomeLocationSheet.swift in Sources */ = {isa = PBXBuildFile; fileRef = 15388CC62F9619FA000A024E /* HomeLocationSheet.swift */; };
		15388CC92F96238A000A024E /* LimitReachedSheet.swift in Sources */ = {isa = PBXBuildFile; fileRef = 15388CC82F96238A000A024E /* LimitReachedSheet.swift */; };
		15388CCB2F9662B4000A024E /* CategoryPickerGrid.swift in Sources */ = {isa = PBXBuildFile; fileRef = 15388CCA2F9662B4000A024E /* CategoryPickerGrid.swift */; };
		15388CCD2F966311000A024E /* L10n.swift in Sources */ = {isa = PBXBuildFile; fileRef = 15388CCC2F966311000A024E /* L10n.swift */; };
		15388CCF2F967949000A024E /* SmoothMapView.swift in Sources */ = {isa = PBXBuildFile; fileRef = 15388CCE2F967949000A024E /* SmoothMapView.swift */; };
/* End PBXBuildFile section */

/* Begin PBXFileReference section */
		15388B9F2F8C99AE000A024E /* ActivityTracker2.app */ = {isa = PBXFileReference; explicitFileType = wrapper.application; includeInIndex = 0; path = ActivityTracker2.app; sourceTree = BUILT_PRODUCTS_DIR; };
		15388BA22F8C99AE000A024E /* ActivityTracker2App.swift */ = {isa = PBXFileReference; lastKnownFileType = sourcecode.swift; path = ActivityTracker2App.swift; sourceTree = "<group>"; };
		15388BA42F8C99AE000A024E /* ContentView.swift */ = {isa = PBXFileReference; lastKnownFileType = sourcecode.swift; path = ContentView.swift; sourceTree = "<group>"; };
		15388BB72F8CA489000A024E /* AppConstants.swift */ = {isa = PBXFileReference; lastKnownFileType = sourcecode.swift; path = AppConstants.swift; sourceTree = "<group>"; };
		15388BB82F8CA489000A024E /* Extensions.swift */ = {isa = PBXFileReference; lastKnownFileType = sourcecode.swift; path = Extensions.swift; sourceTree = "<group>"; };
		15388BBB2F8CA71C000A024E /* Activity.swift */ = {isa = PBXFileReference; lastKnownFileType = sourcecode.swift; path = Activity.swift; sourceTree = "<group>"; };
		15388BBC2F8CA71C000A024E /* AnalyticsEvent.swift */ = {isa = PBXFileReference; lastKnownFileType = sourcecode.swift; path = AnalyticsEvent.swift; sourceTree = "<group>"; };
		15388BBD2F8CA71C000A024E /* AppError.swift */ = {isa = PBXFileReference; lastKnownFileType = sourcecode.swift; path = AppError.swift; sourceTree = "<group>"; };
		15388BBE2F8CA71C000A024E /* Category.swift */ = {isa = PBXFileReference; lastKnownFileType = sourcecode.swift; path = Category.swift; sourceTree = "<group>"; };
		15388BBF2F8CA71C000A024E /* Location.swift */ = {isa = PBXFileReference; lastKnownFileType = sourcecode.swift; path = Location.swift; sourceTree = "<group>"; };
		15388BC02F8CA71C000A024E /* SubscriptionStatus.swift */ = {isa = PBXFileReference; lastKnownFileType = sourcecode.swift; path = SubscriptionStatus.swift; sourceTree = "<group>"; };
		15388BC12F8CA71C000A024E /* UserSettings.swift */ = {isa = PBXFileReference; lastKnownFileType = sourcecode.swift; path = UserSettings.swift; sourceTree = "<group>"; };
		15388BC22F8CC90B000A024E /* AnalyticsManager.swift */ = {isa = PBXFileReference; lastKnownFileType = sourcecode.swift; path = AnalyticsManager.swift; sourceTree = "<group>"; };
		15388BC32F8CC90B000A024E /* GeocodeManager.swift */ = {isa = PBXFileReference; lastKnownFileType = sourcecode.swift; path = GeocodeManager.swift; sourceTree = "<group>"; };
		15388BC42F8CC90B000A024E /* HapticManager.swift */ = {isa = PBXFileReference; lastKnownFileType = sourcecode.swift; path = HapticManager.swift; sourceTree = "<group>"; };
		15388BC52F8CC90B000A024E /* LanguageManager.swift */ = {isa = PBXFileReference; lastKnownFileType = sourcecode.swift; path = LanguageManager.swift; sourceTree = "<group>"; };
		15388BC62F8CC90B000A024E /* LocationManager.swift */ = {isa = PBXFileReference; lastKnownFileType = sourcecode.swift; path = LocationManager.swift; sourceTree = "<group>"; };
		15388BC72F8CC90B000A024E /* StoreKitManager.swift */ = {isa = PBXFileReference; lastKnownFileType = sourcecode.swift; path = StoreKitManager.swift; sourceTree = "<group>"; };
		15388BC82F8CCE91000A024E /* ActivityViewModel.swift */ = {isa = PBXFileReference; lastKnownFileType = sourcecode.swift; path = ActivityViewModel.swift; sourceTree = "<group>"; };
		15388BC92F8CCE91000A024E /* AddActivityViewModel.swift */ = {isa = PBXFileReference; lastKnownFileType = sourcecode.swift; path = AddActivityViewModel.swift; sourceTree = "<group>"; };
		15388BCA2F8CCE91000A024E /* FilterViewModel.swift */ = {isa = PBXFileReference; lastKnownFileType = sourcecode.swift; path = FilterViewModel.swift; sourceTree = "<group>"; };
		15388BCB2F8CCE91000A024E /* MapViewModel.swift */ = {isa = PBXFileReference; lastKnownFileType = sourcecode.swift; path = MapViewModel.swift; sourceTree = "<group>"; };
		15388BCC2F8CCE91000A024E /* OnboardingViewModel.swift */ = {isa = PBXFileReference; lastKnownFileType = sourcecode.swift; path = OnboardingViewModel.swift; sourceTree = "<group>"; };
		15388BCD2F8CCE91000A024E /* PlusViewModel.swift */ = {isa = PBXFileReference; lastKnownFileType = sourcecode.swift; path = PlusViewModel.swift; sourceTree = "<group>"; };
		15388BCE2F8CCE91000A024E /* StatsViewModel.swift */ = {isa = PBXFileReference; lastKnownFileType = sourcecode.swift; path = StatsViewModel.swift; sourceTree = "<group>"; };
		15388BF92F8CDE83000A024E /* ActivityCardView.swift */ = {isa = PBXFileReference; lastKnownFileType = sourcecode.swift; path = ActivityCardView.swift; sourceTree = "<group>"; };
		15388BFA2F8CDE83000A024E /* ActivityMapAnnotation.swift */ = {isa = PBXFileReference; lastKnownFileType = sourcecode.swift; path = ActivityMapAnnotation.swift; sourceTree = "<group>"; };
		15388BFB2F8CDE83000A024E /* ActivityRowView.swift */ = {isa = PBXFileReference; lastKnownFileType = sourcecode.swift; path = ActivityRowView.swift; sourceTree = "<group>"; };
		15388BFC2F8CDE83000A024E /* CategoryChipBar.swift */ = {isa = PBXFileReference; lastKnownFileType = sourcecode.swift; path = CategoryChipBar.swift; sourceTree = "<group>"; };
		15388BFD2F8CDE83000A024E /* CategoryIconView.swift */ = {isa = PBXFileReference; lastKnownFileType = sourcecode.swift; path = CategoryIconView.swift; sourceTree = "<group>"; };
		15388BFE2F8CDE83000A024E /* CategoryPickerGrid.swift */ = {isa = PBXFileReference; lastKnownFileType = sourcecode.swift; path = CategoryPickerGrid.swift; sourceTree = "<group>"; };
		15388BFF2F8CDE83000A024E /* EmptyStateView.swift */ = {isa = PBXFileReference; lastKnownFileType = sourcecode.swift; path = EmptyStateView.swift; sourceTree = "<group>"; };
		15388C002F8CDE83000A024E /* FilterStatusBanner.swift */ = {isa = PBXFileReference; lastKnownFileType = sourcecode.swift; path = FilterStatusBanner.swift; sourceTree = "<group>"; };
		15388C012F8CDE83000A024E /* FloatingPlusButton.swift */ = {isa = PBXFileReference; lastKnownFileType = sourcecode.swift; path = FloatingPlusButton.swift; sourceTree = "<group>"; };
		15388C022F8CDE83000A024E /* MiniMapView.swift */ = {isa = PBXFileReference; lastKnownFileType = sourcecode.swift; path = MiniMapView.swift; sourceTree = "<group>"; };
		15388C032F8CDE83000A024E /* PlusBadge.swift */ = {isa = PBXFileReference; lastKnownFileType = sourcecode.swift; path = PlusBadge.swift; sourceTree = "<group>"; };
		15388C042F8CDE83000A024E /* StatsSummaryCard.swift */ = {isa = PBXFileReference; lastKnownFileType = sourcecode.swift; path = StatsSummaryCard.swift; sourceTree = "<group>"; };
		15388C252F8CF01C000A024E /* MapScreen.swift */ = {isa = PBXFileReference; lastKnownFileType = sourcecode.swift; path = MapScreen.swift; sourceTree = "<group>"; };
		15388C262F8CF01E000A024E /* ListScreen.swift */ = {isa = PBXFileReference; lastKnownFileType = sourcecode.swift; path = ListScreen.swift; sourceTree = "<group>"; };
		15388C272F8CF020000A024E /* ActivityBottomSheet.swift */ = {isa = PBXFileReference; lastKnownFileType = sourcecode.swift; path = ActivityBottomSheet.swift; sourceTree = "<group>"; };
		15388C282F8CF022000A024E /* StatsScreen.swift */ = {isa = PBXFileReference; lastKnownFileType = sourcecode.swift; path = StatsScreen.swift; sourceTree = "<group>"; };
		15388C292F8CF024000A024E /* PlusScreen.swift */ = {isa = PBXFileReference; lastKnownFileType = sourcecode.swift; path = PlusScreen.swift; sourceTree = "<group>"; };
		15388C2F2F8CF026000A024E /* AddActivityCategoryScreen.swift */ = {isa = PBXFileReference; lastKnownFileType = sourcecode.swift; path = AddActivityCategoryScreen.swift; sourceTree = "<group>"; };
		15388C302F8CF027000A024E /* AddActivityLocationScreen.swift */ = {isa = PBXFileReference; lastKnownFileType = sourcecode.swift; path = AddActivityLocationScreen.swift; sourceTree = "<group>"; };
		15388C312F8CF028000A024E /* AddActivityTextScreen.swift */ = {isa = PBXFileReference; lastKnownFileType = sourcecode.swift; path = AddActivityTextScreen.swift; sourceTree = "<group>"; };
		15388C322F8CF029000A024E /* ActivityDetailScreen.swift */ = {isa = PBXFileReference; lastKnownFileType = sourcecode.swift; path = ActivityDetailScreen.swift; sourceTree = "<group>"; };
		15388C332F8CF02A000A024E /* EditActivityScreen.swift */ = {isa = PBXFileReference; lastKnownFileType = sourcecode.swift; path = EditActivityScreen.swift; sourceTree = "<group>"; };
		15388C342F8CF02B000A024E /* OnboardingScreen.swift */ = {isa = PBXFileReference; lastKnownFileType = sourcecode.swift; path = OnboardingScreen.swift; sourceTree = "<group>"; };
		15388C352F8CF02C000A024E /* LocationPermissionDeniedScreen.swift */ = {isa = PBXFileReference; lastKnownFileType = sourcecode.swift; path = LocationPermissionDeniedScreen.swift; sourceTree = "<group>"; };
		15388C3D2F8CF034000A024E /* PreviewDataHelper.swift */ = {isa = PBXFileReference; lastKnownFileType = sourcecode.swift; path = PreviewDataHelper.swift; sourceTree = "<group>"; };
		15388C3F2F8CF036000A024E /* PermanentBottomSheet.swift */ = {isa = PBXFileReference; lastKnownFileType = sourcecode.swift; path = PermanentBottomSheet.swift; sourceTree = "<group>"; };
		15388C5A2F8CF050000A024E /* StarRatingView.swift */ = {isa = PBXFileReference; lastKnownFileType = sourcecode.swift; path = StarRatingView.swift; sourceTree = "<group>"; };
		15388C5C2F8CF052000A024E /* SettingsScreen.swift */ = {isa = PBXFileReference; lastKnownFileType = sourcecode.swift; path = SettingsScreen.swift; sourceTree = "<group>"; };
		15388C602F8CF060000A024E /* WelcomeOverlayView.swift */ = {isa = PBXFileReference; lastKnownFileType = sourcecode.swift; path = WelcomeOverlayView.swift; sourceTree = "<group>"; };
		15388C712F918017000A024E /* LocationSearchManager.swift */ = {isa = PBXFileReference; lastKnownFileType = sourcecode.swift; path = LocationSearchManager.swift; sourceTree = "<group>"; };
		15388CAC2F92C9F7000A024E /* StoreKit.storekit */ = {isa = PBXFileReference; lastKnownFileType = text; path = StoreKit.storekit; sourceTree = "<group>"; };
		15388CC62F9619FA000A024E /* HomeLocationSheet.swift */ = {isa = PBXFileReference; lastKnownFileType = sourcecode.swift; path = HomeLocationSheet.swift; sourceTree = "<group>"; };
		15388CC82F96238A000A024E /* LimitReachedSheet.swift */ = {isa = PBXFileReference; lastKnownFileType = sourcecode.swift; path = LimitReachedSheet.swift; sourceTree = "<group>"; };
		15388CCA2F9662B4000A024E /* CategoryPickerGrid.swift */ = {isa = PBXFileReference; lastKnownFileType = sourcecode.swift; path = CategoryPickerGrid.swift; sourceTree = "<group>"; };
		15388CCC2F966311000A024E /* L10n.swift */ = {isa = PBXFileReference; lastKnownFileType = sourcecode.swift; path = L10n.swift; sourceTree = "<group>"; };
		15388CCE2F967949000A024E /* SmoothMapView.swift */ = {isa = PBXFileReference; lastKnownFileType = sourcecode.swift; path = SmoothMapView.swift; sourceTree = "<group>"; };
/* End PBXFileReference section */

/* Begin PBXFileSystemSynchronizedBuildFileExceptionSet section */
		15388CD12F979C1B000A024E /* Exceptions for "ActivityTracker2" folder in "ActivityTracker2" target */ = {
			isa = PBXFileSystemSynchronizedBuildFileExceptionSet;
			membershipExceptions = (
				Info.plist,
			);
			target = 15388B9E2F8C99AE000A024E /* ActivityTracker2 */;
		};
/* End PBXFileSystemSynchronizedBuildFileExceptionSet section */

/* Begin PBXFileSystemSynchronizedRootGroup section */
		15388BA12F8C99AE000A024E /* ActivityTracker2 */ = {
			isa = PBXFileSystemSynchronizedRootGroup;
			exceptions = (
				15388CD12F979C1B000A024E /* Exceptions for "ActivityTracker2" folder in "ActivityTracker2" target */,
			);
			path = ActivityTracker2;
			sourceTree = "<group>";
		};
/* End PBXFileSystemSynchronizedRootGroup section */

/* Begin PBXFrameworksBuildPhase section */
		15388B9C2F8C99AE000A024E /* Frameworks */ = {
			isa = PBXFrameworksBuildPhase;
			buildActionMask = 2147483647;
			files = (
				15388CA62F92701D000A024E /* Algorithms in Frameworks */,
				15388CA92F9270BE000A024E /* TelemetryClient in Frameworks */,
				15388CAB2F9270BE000A024E /* TelemetryDeck in Frameworks */,
			);
			runOnlyForDeploymentPostprocessing = 0;
		};
/* End PBXFrameworksBuildPhase section */

/* Begin PBXGroup section */
		15388B962F8C99AE000A024E = {
			isa = PBXGroup;
			children = (
				15388CAC2F92C9F7000A024E /* StoreKit.storekit */,
				15388BB32F8C9D75000A024E /* View */,
				15388BB22F8C9D67000A024E /* Manager */,
				15388BB12F8C9D5D000A024E /* ViewModel */,
				15388BB02F8C9D53000A024E /* Model */,
				15388BAF2F8C9D38000A024E /* App */,
				15388BA12F8C99AE000A024E /* ActivityTracker2 */,
				15388BA02F8C99AE000A024E /* Products */,
			);
			sourceTree = "<group>";
		};
		15388BA02F8C99AE000A024E /* Products */ = {
			isa = PBXGroup;
			children = (
				15388B9F2F8C99AE000A024E /* ActivityTracker2.app */,
			);
			name = Products;
			sourceTree = "<group>";
		};
		15388BAF2F8C9D38000A024E /* App */ = {
			isa = PBXGroup;
			children = (
				15388CCC2F966311000A024E /* L10n.swift */,
				15388BB72F8CA489000A024E /* AppConstants.swift */,
				15388BB82F8CA489000A024E /* Extensions.swift */,
				15388BA42F8C99AE000A024E /* ContentView.swift */,
				15388BA22F8C99AE000A024E /* ActivityTracker2App.swift */,
				15388C3D2F8CF034000A024E /* PreviewDataHelper.swift */,
			);
			path = App;
			sourceTree = "<group>";
		};
		15388BB02F8C9D53000A024E /* Model */ = {
			isa = PBXGroup;
			children = (
				15388BBB2F8CA71C000A024E /* Activity.swift */,
				15388BBC2F8CA71C000A024E /* AnalyticsEvent.swift */,
				15388BBD2F8CA71C000A024E /* AppError.swift */,
				15388BBE2F8CA71C000A024E /* Category.swift */,
				15388BBF2F8CA71C000A024E /* Location.swift */,
				15388BC02F8CA71C000A024E /* SubscriptionStatus.swift */,
				15388BC12F8CA71C000A024E /* UserSettings.swift */,
			);
			path = Model;
			sourceTree = "<group>";
		};
		15388BB12F8C9D5D000A024E /* ViewModel */ = {
			isa = PBXGroup;
			children = (
				15388BC82F8CCE91000A024E /* ActivityViewModel.swift */,
				15388BC92F8CCE91000A024E /* AddActivityViewModel.swift */,
				15388BCA2F8CCE91000A024E /* FilterViewModel.swift */,
				15388BCB2F8CCE91000A024E /* MapViewModel.swift */,
				15388BCC2F8CCE91000A024E /* OnboardingViewModel.swift */,
				15388BCD2F8CCE91000A024E /* PlusViewModel.swift */,
				15388BCE2F8CCE91000A024E /* StatsViewModel.swift */,
			);
			path = ViewModel;
			sourceTree = "<group>";
		};
		15388BB22F8C9D67000A024E /* Manager */ = {
			isa = PBXGroup;
			children = (
				15388BC22F8CC90B000A024E /* AnalyticsManager.swift */,
				15388BC32F8CC90B000A024E /* GeocodeManager.swift */,
				15388BC42F8CC90B000A024E /* HapticManager.swift */,
				15388BC52F8CC90B000A024E /* LanguageManager.swift */,
				15388BC62F8CC90B000A024E /* LocationManager.swift */,
				15388C712F918017000A024E /* LocationSearchManager.swift */,
				15388BC72F8CC90B000A024E /* StoreKitManager.swift */,
			);
			path = Manager;
			sourceTree = "<group>";
		};
		15388BB32F8C9D75000A024E /* View */ = {
			isa = PBXGroup;
			children = (
				15388BB52F8C9D86000A024E /* Components */,
				15388BB42F8C9D7B000A024E /* Screens */,
			);
			path = View;
			sourceTree = "<group>";
		};
		15388BB42F8C9D7B000A024E /* Screens */ = {
			isa = PBXGroup;
			children = (
				15388C252F8CF01C000A024E /* MapScreen.swift */,
				15388C262F8CF01E000A024E /* ListScreen.swift */,
				15388C272F8CF020000A024E /* ActivityBottomSheet.swift */,
				15388C282F8CF022000A024E /* StatsScreen.swift */,
				15388C292F8CF024000A024E /* PlusScreen.swift */,
				15388C322F8CF029000A024E /* ActivityDetailScreen.swift */,
				15388C332F8CF02A000A024E /* EditActivityScreen.swift */,
				15388C5C2F8CF052000A024E /* SettingsScreen.swift */,
				15388C342F8CF02B000A024E /* OnboardingScreen.swift */,
				15388C352F8CF02C000A024E /* LocationPermissionDeniedScreen.swift */,
				15388BB62F8C9D95000A024E /* Add */,
			);
			path = Screens;
			sourceTree = "<group>";
		};
		15388BB52F8C9D86000A024E /* Components */ = {
			isa = PBXGroup;
			children = (
				15388CCE2F967949000A024E /* SmoothMapView.swift */,
				15388CC82F96238A000A024E /* LimitReachedSheet.swift */,
				15388CCA2F9662B4000A024E /* CategoryPickerGrid.swift */,
				15388CC62F9619FA000A024E /* HomeLocationSheet.swift */,
				15388BF92F8CDE83000A024E /* ActivityCardView.swift */,
				15388BFA2F8CDE83000A024E /* ActivityMapAnnotation.swift */,
				15388BFB2F8CDE83000A024E /* ActivityRowView.swift */,
				15388BFC2F8CDE83000A024E /* CategoryChipBar.swift */,
				15388BFD2F8CDE83000A024E /* CategoryIconView.swift */,
				15388BFE2F8CDE83000A024E /* CategoryPickerGrid.swift */,
				15388BFF2F8CDE83000A024E /* EmptyStateView.swift */,
				15388C002F8CDE83000A024E /* FilterStatusBanner.swift */,
				15388C012F8CDE83000A024E /* FloatingPlusButton.swift */,
				15388C5A2F8CF050000A024E /* StarRatingView.swift */,
				15388C022F8CDE83000A024E /* MiniMapView.swift */,
				15388C032F8CDE83000A024E /* PlusBadge.swift */,
				15388C042F8CDE83000A024E /* StatsSummaryCard.swift */,
				15388C3F2F8CF036000A024E /* PermanentBottomSheet.swift */,
				15388C602F8CF060000A024E /* WelcomeOverlayView.swift */,
			);
			path = Components;
			sourceTree = "<group>";
		};
		15388BB62F8C9D95000A024E /* Add */ = {
			isa = PBXGroup;
			children = (
				15388C2F2F8CF026000A024E /* AddActivityCategoryScreen.swift */,
				15388C302F8CF027000A024E /* AddActivityLocationScreen.swift */,
				15388C312F8CF028000A024E /* AddActivityTextScreen.swift */,
			);
			path = Add;
			sourceTree = "<group>";
		};
/* End PBXGroup section */

/* Begin PBXNativeTarget section */
		15388B9E2F8C99AE000A024E /* ActivityTracker2 */ = {
			isa = PBXNativeTarget;
			buildConfigurationList = 15388BAC2F8C99AF000A024E /* Build configuration list for PBXNativeTarget "ActivityTracker2" */;
			buildPhases = (
				15388B9B2F8C99AE000A024E /* Sources */,
				15388B9C2F8C99AE000A024E /* Frameworks */,
				15388B9D2F8C99AE000A024E /* Resources */,
			);
			buildRules = (
			);
			dependencies = (
			);
			fileSystemSynchronizedGroups = (
				15388BA12F8C99AE000A024E /* ActivityTracker2 */,
			);
			name = ActivityTracker2;
			packageProductDependencies = (
				15388CA52F92701D000A024E /* Algorithms */,
				15388CA82F9270BE000A024E /* TelemetryClient */,
				15388CAA2F9270BE000A024E /* TelemetryDeck */,
			);
			productName = ActivityTracker2;
			productReference = 15388B9F2F8C99AE000A024E /* ActivityTracker2.app */;
			productType = "com.apple.product-type.application";
		};
/* End PBXNativeTarget section */

/* Begin PBXProject section */
		15388B972F8C99AE000A024E /* Project object */ = {
			isa = PBXProject;
			attributes = {
				BuildIndependentTargetsInParallel = 1;
				LastSwiftUpdateCheck = 2640;
				LastUpgradeCheck = 2640;
				TargetAttributes = {
					15388B9E2F8C99AE000A024E = {
						CreatedOnToolsVersion = 26.4;
					};
				};
			};
			buildConfigurationList = 15388B9A2F8C99AE000A024E /* Build configuration list for PBXProject "ActivityTracker2" */;
			developmentRegion = en;
			hasScannedForEncodings = 0;
			knownRegions = (
				en,
				Base,
			);
			mainGroup = 15388B962F8C99AE000A024E;
			minimizedProjectReferenceProxies = 1;
			packageReferences = (
				15388CA42F92701D000A024E /* XCRemoteSwiftPackageReference "swift-algorithms" */,
				15388CA72F9270BE000A024E /* XCRemoteSwiftPackageReference "SwiftSDK" */,
			);
			preferredProjectObjectVersion = 77;
			productRefGroup = 15388BA02F8C99AE000A024E /* Products */;
			projectDirPath = "";
			projectRoot = "";
			targets = (
				15388B9E2F8C99AE000A024E /* ActivityTracker2 */,
			);
		};
/* End PBXProject section */

/* Begin PBXResourcesBuildPhase section */
		15388B9D2F8C99AE000A024E /* Resources */ = {
			isa = PBXResourcesBuildPhase;
			buildActionMask = 2147483647;
			files = (
				15388CAD2F92C9F7000A024E /* StoreKit.storekit in Resources */,
			);
			runOnlyForDeploymentPostprocessing = 0;
		};
/* End PBXResourcesBuildPhase section */

/* Begin PBXSourcesBuildPhase section */
		15388B9B2F8C99AE000A024E /* Sources */ = {
			isa = PBXSourcesBuildPhase;
			buildActionMask = 2147483647;
			files = (
				15388C052F8CE01C000A024E /* MiniMapView.swift in Sources */,
				15388BA52F8C99AE000A024E /* ContentView.swift in Sources */,
				15388C072F8CE048000A024E /* FilterStatusBanner.swift in Sources */,
				15388BB92F8CA489000A024E /* Extensions.swift in Sources */,
				15388BBA2F8CA489000A024E /* AppConstants.swift in Sources */,
				15388C082F8CE05C000A024E /* ActivityCardView.swift in Sources */,
				15388BA32F8C99AE000A024E /* ActivityTracker2App.swift in Sources */,
				15388C062F8CE038000A024E /* PlusBadge.swift in Sources */,
				15388C092F8CF000000A024E /* Activity.swift in Sources */,
				15388C0A2F8CF001000A024E /* AnalyticsEvent.swift in Sources */,
				15388C0B2F8CF002000A024E /* AppError.swift in Sources */,
				15388C0C2F8CF003000A024E /* Category.swift in Sources */,
				15388C0D2F8CF004000A024E /* Location.swift in Sources */,
				15388C0E2F8CF005000A024E /* SubscriptionStatus.swift in Sources */,
				15388C0F2F8CF006000A024E /* UserSettings.swift in Sources */,
				15388C102F8CF007000A024E /* AnalyticsManager.swift in Sources */,
				15388C722F918017000A024E /* LocationSearchManager.swift in Sources */,
				15388CCB2F9662B4000A024E /* CategoryPickerGrid.swift in Sources */,
				15388C112F8CF008000A024E /* GeocodeManager.swift in Sources */,
				15388C122F8CF009000A024E /* HapticManager.swift in Sources */,
				15388C132F8CF00A000A024E /* LanguageManager.swift in Sources */,
				15388C142F8CF00B000A024E /* LocationManager.swift in Sources */,
				15388C152F8CF00C000A024E /* StoreKitManager.swift in Sources */,
				15388C162F8CF00D000A024E /* ActivityViewModel.swift in Sources */,
				15388C172F8CF00E000A024E /* AddActivityViewModel.swift in Sources */,
				15388C182F8CF00F000A024E /* FilterViewModel.swift in Sources */,
				15388CC92F96238A000A024E /* LimitReachedSheet.swift in Sources */,
				15388C192F8CF010000A024E /* MapViewModel.swift in Sources */,
				15388C1A2F8CF011000A024E /* OnboardingViewModel.swift in Sources */,
				15388C1B2F8CF012000A024E /* PlusViewModel.swift in Sources */,
				15388C1C2F8CF013000A024E /* StatsViewModel.swift in Sources */,
				15388C1D2F8CF014000A024E /* ActivityMapAnnotation.swift in Sources */,
				15388C1E2F8CF015000A024E /* ActivityRowView.swift in Sources */,
				15388C1F2F8CF016000A024E /* CategoryChipBar.swift in Sources */,
				15388C202F8CF017000A024E /* CategoryIconView.swift in Sources */,
				15388C212F8CF018000A024E /* CategoryPickerGrid.swift in Sources */,
				15388C222F8CF019000A024E /* EmptyStateView.swift in Sources */,
				15388C232F8CF01A000A024E /* FloatingPlusButton.swift in Sources */,
				15388C5B2F8CF051000A024E /* StarRatingView.swift in Sources */,
				15388C242F8CF01B000A024E /* StatsSummaryCard.swift in Sources */,
				15388C2A2F8CF01D000A024E /* MapScreen.swift in Sources */,
				15388C2B2F8CF01F000A024E /* ListScreen.swift in Sources */,
				15388CCD2F966311000A024E /* L10n.swift in Sources */,
				15388C2C2F8CF021000A024E /* ActivityBottomSheet.swift in Sources */,
				15388C2D2F8CF023000A024E /* StatsScreen.swift in Sources */,
				15388CCF2F967949000A024E /* SmoothMapView.swift in Sources */,
				15388C2E2F8CF025000A024E /* PlusScreen.swift in Sources */,
				15388C362F8CF02D000A024E /* AddActivityCategoryScreen.swift in Sources */,
				15388C372F8CF02E000A024E /* AddActivityLocationScreen.swift in Sources */,
				15388C382F8CF02F000A024E /* AddActivityTextScreen.swift in Sources */,
				15388C392F8CF030000A024E /* ActivityDetailScreen.swift in Sources */,
				15388C3A2F8CF031000A024E /* EditActivityScreen.swift in Sources */,
				15388C5D2F8CF053000A024E /* SettingsScreen.swift in Sources */,
				15388C3B2F8CF032000A024E /* OnboardingScreen.swift in Sources */,
				15388C3C2F8CF033000A024E /* LocationPermissionDeniedScreen.swift in Sources */,
				15388C3E2F8CF035000A024E /* PreviewDataHelper.swift in Sources */,
				15388CC72F9619FA000A024E /* HomeLocationSheet.swift in Sources */,
				15388C402F8CF037000A024E /* PermanentBottomSheet.swift in Sources */,
				15388C612F8CF061000A024E /* WelcomeOverlayView.swift in Sources */,
			);
			runOnlyForDeploymentPostprocessing = 0;
		};
/* End PBXSourcesBuildPhase section */

/* Begin XCBuildConfiguration section */
		15388BAA2F8C99AF000A024E /* Debug */ = {
			isa = XCBuildConfiguration;
			buildSettings = {
				ALWAYS_SEARCH_USER_PATHS = NO;
				ASSETCATALOG_COMPILER_GENERATE_SWIFT_ASSET_SYMBOL_EXTENSIONS = YES;
				CLANG_ANALYZER_NONNULL = YES;
				CLANG_ANALYZER_NUMBER_OBJECT_CONVERSION = YES_AGGRESSIVE;
				CLANG_CXX_LANGUAGE_STANDARD = "gnu++20";
				CLANG_ENABLE_MODULES = YES;
				CLANG_ENABLE_OBJC_ARC = YES;
				CLANG_ENABLE_OBJC_WEAK = YES;
				CLANG_WARN_BLOCK_CAPTURE_AUTORELEASING = YES;
				CLANG_WARN_BOOL_CONVERSION = YES;
				CLANG_WARN_COMMA = YES;
				CLANG_WARN_CONSTANT_CONVERSION = YES;
				CLANG_WARN_DEPRECATED_OBJC_IMPLEMENTATIONS = YES;
				CLANG_WARN_DIRECT_OBJC_ISA_USAGE = YES_ERROR;
				CLANG_WARN_DOCUMENTATION_COMMENTS = YES;
				CLANG_WARN_EMPTY_BODY = YES;
				CLANG_WARN_ENUM_CONVERSION = YES;
				CLANG_WARN_INFINITE_RECURSION = YES;
				CLANG_WARN_INT_CONVERSION = YES;
				CLANG_WARN_NON_LITERAL_NULL_CONVERSION = YES;
				CLANG_WARN_OBJC_IMPLICIT_RETAIN_SELF = YES;
				CLANG_WARN_OBJC_LITERAL_CONVERSION = YES;
				CLANG_WARN_OBJC_ROOT_CLASS = YES_ERROR;
				CLANG_WARN_QUOTED_INCLUDE_IN_FRAMEWORK_HEADER = YES;
				CLANG_WARN_RANGE_LOOP_ANALYSIS = YES;
				CLANG_WARN_STRICT_PROTOTYPES = YES;
				CLANG_WARN_SUSPICIOUS_MOVE = YES;
				CLANG_WARN_UNGUARDED_AVAILABILITY = YES_AGGRESSIVE;
				CLANG_WARN_UNREACHABLE_CODE = YES;
				CLANG_WARN__DUPLICATE_METHOD_MATCH = YES;
				COPY_PHASE_STRIP = NO;
				DEBUG_INFORMATION_FORMAT = dwarf;
				ENABLE_STRICT_OBJC_MSGSEND = YES;
				ENABLE_TESTABILITY = YES;
				ENABLE_USER_SCRIPT_SANDBOXING = YES;
				GCC_C_LANGUAGE_STANDARD = gnu17;
				GCC_DYNAMIC_NO_PIC = NO;
				GCC_NO_COMMON_BLOCKS = YES;
				GCC_OPTIMIZATION_LEVEL = 0;
				GCC_PREPROCESSOR_DEFINITIONS = (
					"DEBUG=1",
					"$(inherited)",
				);
				GCC_WARN_64_TO_32_BIT_CONVERSION = YES;
				GCC_WARN_ABOUT_RETURN_TYPE = YES_ERROR;
				GCC_WARN_UNDECLARED_SELECTOR = YES;
				GCC_WARN_UNINITIALIZED_AUTOS = YES_AGGRESSIVE;
				GCC_WARN_UNUSED_FUNCTION = YES;
				GCC_WARN_UNUSED_VARIABLE = YES;
				IPHONEOS_DEPLOYMENT_TARGET = 26.4;
				LOCALIZATION_PREFERS_STRING_CATALOGS = YES;
				MTL_ENABLE_DEBUG_INFO = INCLUDE_SOURCE;
				MTL_FAST_MATH = YES;
				ONLY_ACTIVE_ARCH = YES;
				SDKROOT = iphoneos;
				SWIFT_ACTIVE_COMPILATION_CONDITIONS = "DEBUG $(inherited)";
				SWIFT_OPTIMIZATION_LEVEL = "-Onone";
			};
			name = Debug;
		};
		15388BAB2F8C99AF000A024E /* Release */ = {
			isa = XCBuildConfiguration;
			buildSettings = {
				ALWAYS_SEARCH_USER_PATHS = NO;
				ASSETCATALOG_COMPILER_GENERATE_SWIFT_ASSET_SYMBOL_EXTENSIONS = YES;
				CLANG_ANALYZER_NONNULL = YES;
				CLANG_ANALYZER_NUMBER_OBJECT_CONVERSION = YES_AGGRESSIVE;
				CLANG_CXX_LANGUAGE_STANDARD = "gnu++20";
				CLANG_ENABLE_MODULES = YES;
				CLANG_ENABLE_OBJC_ARC = YES;
				CLANG_ENABLE_OBJC_WEAK = YES;
				CLANG_WARN_BLOCK_CAPTURE_AUTORELEASING = YES;
				CLANG_WARN_BOOL_CONVERSION = YES;
				CLANG_WARN_COMMA = YES;
				CLANG_WARN_CONSTANT_CONVERSION = YES;
				CLANG_WARN_DEPRECATED_OBJC_IMPLEMENTATIONS = YES;
				CLANG_WARN_DIRECT_OBJC_ISA_USAGE = YES_ERROR;
				CLANG_WARN_DOCUMENTATION_COMMENTS = YES;
				CLANG_WARN_EMPTY_BODY = YES;
				CLANG_WARN_ENUM_CONVERSION = YES;
				CLANG_WARN_INFINITE_RECURSION = YES;
				CLANG_WARN_INT_CONVERSION = YES;
				CLANG_WARN_NON_LITERAL_NULL_CONVERSION = YES;
				CLANG_WARN_OBJC_IMPLICIT_RETAIN_SELF = YES;
				CLANG_WARN_OBJC_LITERAL_CONVERSION = YES;
				CLANG_WARN_OBJC_ROOT_CLASS = YES_ERROR;
				CLANG_WARN_QUOTED_INCLUDE_IN_FRAMEWORK_HEADER = YES;
				CLANG_WARN_RANGE_LOOP_ANALYSIS = YES;
				CLANG_WARN_STRICT_PROTOTYPES = YES;
				CLANG_WARN_SUSPICIOUS_MOVE = YES;
				CLANG_WARN_UNGUARDED_AVAILABILITY = YES_AGGRESSIVE;
				CLANG_WARN_UNREACHABLE_CODE = YES;
				CLANG_WARN__DUPLICATE_METHOD_MATCH = YES;
				COPY_PHASE_STRIP = NO;
				DEBUG_INFORMATION_FORMAT = "dwarf-with-dsym";
				ENABLE_NS_ASSERTIONS = NO;
				ENABLE_STRICT_OBJC_MSGSEND = YES;
				ENABLE_USER_SCRIPT_SANDBOXING = YES;
				GCC_C_LANGUAGE_STANDARD = gnu17;
				GCC_NO_COMMON_BLOCKS = YES;
				GCC_WARN_64_TO_32_BIT_CONVERSION = YES;
				GCC_WARN_ABOUT_RETURN_TYPE = YES_ERROR;
				GCC_WARN_UNDECLARED_SELECTOR = YES;
				GCC_WARN_UNINITIALIZED_AUTOS = YES_AGGRESSIVE;
				GCC_WARN_UNUSED_FUNCTION = YES;
				GCC_WARN_UNUSED_VARIABLE = YES;
				IPHONEOS_DEPLOYMENT_TARGET = 26.4;
				LOCALIZATION_PREFERS_STRING_CATALOGS = YES;
				MTL_ENABLE_DEBUG_INFO = NO;
				MTL_FAST_MATH = YES;
				SDKROOT = iphoneos;
				SWIFT_COMPILATION_MODE = wholemodule;
				VALIDATE_PRODUCT = YES;
			};
			name = Release;
		};
		15388BAD2F8C99AF000A024E /* Debug */ = {
			isa = XCBuildConfiguration;
			buildSettings = {
				ASSETCATALOG_COMPILER_APPICON_NAME = AppIcon;
				ASSETCATALOG_COMPILER_GLOBAL_ACCENT_COLOR_NAME = AccentColor;
				CODE_SIGN_STYLE = Automatic;
				CURRENT_PROJECT_VERSION = 1;
				DEVELOPMENT_TEAM = 3LJ3TU7N8L;
				ENABLE_PREVIEWS = YES;
				GENERATE_INFOPLIST_FILE = YES;
				INFOPLIST_FILE = ActivityTracker2/Info.plist;
				INFOPLIST_KEY_CFBundleDisplayName = "Remember – Life Journal";
				INFOPLIST_KEY_NSLocationWhenInUseUsageDescription = "Remember benötigt deinen Standort um Aktivitäten auf der Karte zu speichern.";
				INFOPLIST_KEY_UIApplicationSceneManifest_Generation = YES;
				INFOPLIST_KEY_UIApplicationSupportsIndirectInputEvents = YES;
				INFOPLIST_KEY_UISupportedInterfaceOrientations_iPad = "UIInterfaceOrientationPortrait UIInterfaceOrientationPortraitUpsideDown UIInterfaceOrientationLandscapeLeft UIInterfaceOrientationLandscapeRight";
				INFOPLIST_KEY_UISupportedInterfaceOrientations_iPhone = "UIInterfaceOrientationPortrait UIInterfaceOrientationLandscapeLeft UIInterfaceOrientationLandscapeRight";
				IPHONEOS_DEPLOYMENT_TARGET = 17.0;
				LD_RUNPATH_SEARCH_PATHS = (
					"$(inherited)",
					"@executable_path/Frameworks",
				);
				MARKETING_VERSION = 1.0;
				PRODUCT_BUNDLE_IDENTIFIER = com.Florian.remember;
				PRODUCT_NAME = "$(TARGET_NAME)";
				STRING_CATALOG_GENERATE_SYMBOLS = YES;
				SWIFT_APPROACHABLE_CONCURRENCY = YES;
				SWIFT_DEFAULT_ACTOR_ISOLATION = MainActor;
				SWIFT_EMIT_LOC_STRINGS = YES;
				SWIFT_UPCOMING_FEATURE_MEMBER_IMPORT_VISIBILITY = YES;
				SWIFT_VERSION = 5.0;
				TARGETED_DEVICE_FAMILY = "1,2";
			};
			name = Debug;
		};
		15388BAE2F8C99AF000A024E /* Release */ = {
			isa = XCBuildConfiguration;
			buildSettings = {
				ASSETCATALOG_COMPILER_APPICON_NAME = AppIcon;
				ASSETCATALOG_COMPILER_GLOBAL_ACCENT_COLOR_NAME = AccentColor;
				CODE_SIGN_STYLE = Automatic;
				CURRENT_PROJECT_VERSION = 1;
				DEVELOPMENT_TEAM = 3LJ3TU7N8L;
				ENABLE_PREVIEWS = YES;
				GENERATE_INFOPLIST_FILE = YES;
				INFOPLIST_FILE = ActivityTracker2/Info.plist;
				INFOPLIST_KEY_CFBundleDisplayName = "Remember – Life Journal";
				INFOPLIST_KEY_NSLocationWhenInUseUsageDescription = "Remember benötigt deinen Standort um Aktivitäten auf der Karte zu speichern.";
				INFOPLIST_KEY_UIApplicationSceneManifest_Generation = YES;
				INFOPLIST_KEY_UIApplicationSupportsIndirectInputEvents = YES;
				INFOPLIST_KEY_UISupportedInterfaceOrientations_iPad = "UIInterfaceOrientationPortrait UIInterfaceOrientationPortraitUpsideDown UIInterfaceOrientationLandscapeLeft UIInterfaceOrientationLandscapeRight";
				INFOPLIST_KEY_UISupportedInterfaceOrientations_iPhone = "UIInterfaceOrientationPortrait UIInterfaceOrientationLandscapeLeft UIInterfaceOrientationLandscapeRight";
				IPHONEOS_DEPLOYMENT_TARGET = 17.0;
				LD_RUNPATH_SEARCH_PATHS = (
					"$(inherited)",
					"@executable_path/Frameworks",
				);
				MARKETING_VERSION = 1.0;
				PRODUCT_BUNDLE_IDENTIFIER = com.Florian.remember;
				PRODUCT_NAME = "$(TARGET_NAME)";
				STRING_CATALOG_GENERATE_SYMBOLS = YES;
				SWIFT_APPROACHABLE_CONCURRENCY = YES;
				SWIFT_DEFAULT_ACTOR_ISOLATION = MainActor;
				SWIFT_EMIT_LOC_STRINGS = YES;
				SWIFT_UPCOMING_FEATURE_MEMBER_IMPORT_VISIBILITY = YES;
				SWIFT_VERSION = 5.0;
				TARGETED_DEVICE_FAMILY = "1,2";
			};
			name = Release;
		};
/* End XCBuildConfiguration section */

/* Begin XCConfigurationList section */
		15388B9A2F8C99AE000A024E /* Build configuration list for PBXProject "ActivityTracker2" */ = {
			isa = XCConfigurationList;
			buildConfigurations = (
				15388BAA2F8C99AF000A024E /* Debug */,
				15388BAB2F8C99AF000A024E /* Release */,
			);
			defaultConfigurationIsVisible = 0;
			defaultConfigurationName = Release;
		};
		15388BAC2F8C99AF000A024E /* Build configuration list for PBXNativeTarget "ActivityTracker2" */ = {
			isa = XCConfigurationList;
			buildConfigurations = (
				15388BAD2F8C99AF000A024E /* Debug */,
				15388BAE2F8C99AF000A024E /* Release */,
			);
			defaultConfigurationIsVisible = 0;
			defaultConfigurationName = Release;
		};
/* End XCConfigurationList section */

/* Begin XCRemoteSwiftPackageReference section */
		15388CA42F92701D000A024E /* XCRemoteSwiftPackageReference "swift-algorithms" */ = {
			isa = XCRemoteSwiftPackageReference;
			repositoryURL = "https://github.com/apple/swift-algorithms.git";
			requirement = {
				kind = upToNextMajorVersion;
				minimumVersion = 1.2.1;
			};
		};
		15388CA72F9270BE000A024E /* XCRemoteSwiftPackageReference "SwiftSDK" */ = {
			isa = XCRemoteSwiftPackageReference;
			repositoryURL = "https://github.com/TelemetryDeck/SwiftSDK";
			requirement = {
				kind = upToNextMajorVersion;
				minimumVersion = 2.12.0;
			};
		};
/* End XCRemoteSwiftPackageReference section */

/* Begin XCSwiftPackageProductDependency section */
		15388CA52F92701D000A024E /* Algorithms */ = {
			isa = XCSwiftPackageProductDependency;
			package = 15388CA42F92701D000A024E /* XCRemoteSwiftPackageReference "swift-algorithms" */;
			productName = Algorithms;
		};
		15388CA82F9270BE000A024E /* TelemetryClient */ = {
			isa = XCSwiftPackageProductDependency;
			package = 15388CA72F9270BE000A024E /* XCRemoteSwiftPackageReference "SwiftSDK" */;
			productName = TelemetryClient;
		};
		15388CAA2F9270BE000A024E /* TelemetryDeck */ = {
			isa = XCSwiftPackageProductDependency;
			package = 15388CA72F9270BE000A024E /* XCRemoteSwiftPackageReference "SwiftSDK" */;
			productName = TelemetryDeck;
		};
/* End XCSwiftPackageProductDependency section */
	};
	rootObject = 15388B972F8C99AE000A024E /* Project object */;
}
